// !$*UTF8*$!
{
	archiveVersion = 1;
	classes = {
	};
	objectVersion = 50;
	objects = {

/* Begin PBXBuildFile section */
		099DEFC722A63861000AE043 /* AppDelegate.swift in Sources */ = {isa = PBXBuildFile; fileRef = 099DEFC622A63861000AE043 /* AppDelegate.swift */; };
		099DEFC922A63861000AE043 /* SceneDelegate.swift in Sources */ = {isa = PBXBuildFile; fileRef = 099DEFC822A63861000AE043 /* SceneDelegate.swift */; };
		099DEFCB22A63861000AE043 /* ContentView.swift in Sources */ = {isa = PBXBuildFile; fileRef = 099DEFCA22A63861000AE043 /* ContentView.swift */; };
		099DEFCD22A63866000AE043 /* Assets.xcassets in Resources */ = {isa = PBXBuildFile; fileRef = 099DEFCC22A63866000AE043 /* Assets.xcassets */; };
		099DEFD022A63866000AE043 /* Preview Assets.xcassets in Resources */ = {isa = PBXBuildFile; fileRef = 099DEFCF22A63866000AE043 /* Preview Assets.xcassets */; };
		099DEFD322A63866000AE043 /* LaunchScreen.storyboard in Resources */ = {isa = PBXBuildFile; fileRef = 099DEFD122A63866000AE043 /* LaunchScreen.storyboard */; };
		099DEFDE22A63867000AE043 /* LandmarksTests.swift in Sources */ = {isa = PBXBuildFile; fileRef = 099DEFDD22A63867000AE043 /* LandmarksTests.swift */; };
		099DEFE922A63867000AE043 /* LandmarksUITests.swift in Sources */ = {isa = PBXBuildFile; fileRef = 099DEFE822A63867000AE043 /* LandmarksUITests.swift */; };
/* End PBXBuildFile section */

/* Begin PBXContainerItemProxy section */
		099DEFDA22A63867000AE043 /* PBXContainerItemProxy */ = {
			isa = PBXContainerItemProxy;
			containerPortal = 099DEFBB22A63861000AE043 /* Project object */;
			proxyType = 1;
			remoteGlobalIDString = 099DEFC222A63861000AE043;
			remoteInfo = Landmarks;
		};
		099DEFE522A63867000AE043 /* PBXContainerItemProxy */ = {
			isa = PBXContainerItemProxy;
			containerPortal = 099DEFBB22A63861000AE043 /* Project object */;
			proxyType = 1;
			remoteGlobalIDString = 099DEFC222A63861000AE043;
			remoteInfo = Landmarks;
		};
/* End PBXContainerItemProxy section */

/* Begin PBXFileReference section */
		099DEFC322A63861000AE043 /* Landmarks.app */ = {isa = PBXFileReference; explicitFileType = wrapper.application; includeInIndex = 0; path = Landmarks.app; sourceTree = BUILT_PRODUCTS_DIR; };
		099DEFC622A63861000AE043 /* AppDelegate.swift */ = {isa = PBXFileReference; lastKnownFileType = sourcecode.swift; path = AppDelegate.swift; sourceTree = "<group>"; };
		099DEFC822A63861000AE043 /* SceneDelegate.swift */ = {isa = PBXFileReference; lastKnownFileType = sourcecode.swift; path = SceneDelegate.swift; sourceTree = "<group>"; };
		099DEFCA22A63861000AE043 /* ContentView.swift */ = {isa = PBXFileReference; lastKnownFileType = sourcecode.swift; path = ContentView.swift; sourceTree = "<group>"; };
		099DEFCC22A63866000AE043 /* Assets.xcassets */ = {isa = PBXFileReference; lastKnownFileType = folder.assetcatalog; path = Assets.xcassets; sourceTree = "<group>"; };
		099DEFCF22A63866000AE043 /* Preview Assets.xcassets */ = {isa = PBXFileReference; lastKnownFileType = folder.assetcatalog; path = "Preview Assets.xcassets"; sourceTree = "<group>"; };
		099DEFD222A63866000AE043 /* Base */ = {isa = PBXFileReference; lastKnownFileType = file.storyboard; name = Base; path = Base.lproj/LaunchScreen.storyboard; sourceTree = "<group>"; };
		099DEFD422A63866000AE043 /* Info.plist */ = {isa = PBXFileReference; lastKnownFileType = text.plist.xml; path = Info.plist; sourceTree = "<group>"; };
		099DEFD922A63867000AE043 /* LandmarksTests.xctest */ = {isa = PBXFileReference; explicitFileType = wrapper.cfbundle; includeInIndex = 0; path = LandmarksTests.xctest; sourceTree = BUILT_PRODUCTS_DIR; };
		099DEFDD22A63867000AE043 /* LandmarksTests.swift */ = {isa = PBXFileReference; lastKnownFileType = sourcecode.swift; path = LandmarksTests.swift; sourceTree = "<group>"; };
		099DEFDF22A63867000AE043 /* Info.plist */ = {isa = PBXFileReference; lastKnownFileType = text.plist.xml; path = Info.plist; sourceTree = "<group>"; };
		099DEFE422A63867000AE043 /* LandmarksUITests.xctest */ = {isa = PBXFileReference; explicitFileType = wrapper.cfbundle; includeInIndex = 0; path = LandmarksUITests.xctest; sourceTree = BUILT_PRODUCTS_DIR; };
		099DEFE822A63867000AE043 /* LandmarksUITests.swift */ = {isa = PBXFileReference; lastKnownFileType = sourcecode.swift; path = LandmarksUITests.swift; sourceTree = "<group>"; };
		099DEFEA22A63867000AE043 /* Info.plist */ = {isa = PBXFileReference; lastKnownFileType = text.plist.xml; path = Info.plist; sourceTree = "<group>"; };
/* End PBXFileReference section */

/* Begin PBXFrameworksBuildPhase section */
		099DEFC022A63861000AE043 /* Frameworks */ = {
			isa = PBXFrameworksBuildPhase;
			buildActionMask = 2147483647;
			files = (
			);
			runOnlyForDeploymentPostprocessing = 0;
		};
		099DEFD622A63867000AE043 /* Frameworks */ = {
			isa = PBXFrameworksBuildPhase;
			buildActionMask = 2147483647;
			files = (
			);
			runOnlyForDeploymentPostprocessing = 0;
		};
		099DEFE122A63867000AE043 /* Frameworks */ = {
			isa = PBXFrameworksBuildPhase;
			buildActionMask = 2147483647;
			files = (
			);
			runOnlyForDeploymentPostprocessing = 0;
		};
/* End PBXFrameworksBuildPhase section */

/* Begin PBXGroup section */
		099DEFBA22A63861000AE043 = {
			isa = PBXGroup;
			children = (
				099DEFC522A63861000AE043 /* Landmarks */,
				099DEFDC22A63867000AE043 /* LandmarksTests */,
				099DEFE722A63867000AE043 /* LandmarksUITests */,
				099DEFC422A63861000AE043 /* Products */,
			);
			sourceTree = "<group>";
		};
		099DEFC422A63861000AE043 /* Products */ = {
			isa = PBXGroup;
			children = (
				099DEFC322A63861000AE043 /* Landmarks.app */,
				099DEFD922A63867000AE043 /* LandmarksTests.xctest */,
				099DEFE422A63867000AE043 /* LandmarksUITests.xctest */,
			);
			name = Products;
			sourceTree = "<group>";
		};
		099DEFC522A63861000AE043 /* Landmarks */ = {
			isa = PBXGroup;
			children = (
				099DEFC622A63861000AE043 /* AppDelegate.swift */,
				099DEFC822A63861000AE043 /* SceneDelegate.swift */,
				099DEFCA22A63861000AE043 /* ContentView.swift */,
				099DEFCC22A63866000AE043 /* Assets.xcassets */,
				099DEFD122A63866000AE043 /* LaunchScreen.storyboard */,
				099DEFD422A63866000AE043 /* Info.plist */,
				099DEFCE22A63866000AE043 /* Preview Content */,
			);
			path = Landmarks;
			sourceTree = "<group>";
		};
		099DEFCE22A63866000AE043 /* Preview Content */ = {
			isa = PBXGroup;
			children = (
				099DEFCF22A63866000AE043 /* Preview Assets.xcassets */,
			);
			path = "Preview Content";
			sourceTree = "<group>";
		};
		099DEFDC22A63867000AE043 /* LandmarksTests */ = {
			isa = PBXGroup;
			children = (
				099DEFDD22A63867000AE043 /* LandmarksTests.swift */,
				099DEFDF22A63867000AE043 /* Info.plist */,
			);
			path = LandmarksTests;
			sourceTree = "<group>";
		};
		099DEFE722A63867000AE043 /* LandmarksUITests */ = {
			isa = PBXGroup;
			children = (
				099DEFE822A63867000AE043 /* LandmarksUITests.swift */,
				099DEFEA22A63867000AE043 /* Info.plist */,
			);
			path = LandmarksUITests;
			sourceTree = "<group>";
		};
/* End PBXGroup section */

/* Begin PBXNativeTarget section */
		099DEFC222A63861000AE043 /* Landmarks */ = {
			isa = PBXNativeTarget;
			buildConfigurationList = 099DEFED22A63867000AE043 /* Build configuration list for PBXNativeTarget "Landmarks" */;
			buildPhases = (
				099DEFBF22A63861000AE043 /* Sources */,
				099DEFC022A63861000AE043 /* Frameworks */,
				099DEFC122A63861000AE043 /* Resources */,
			);
			buildRules = (
			);
			dependencies = (
			);
			name = Landmarks;
			productName = Landmarks;
			productReference = 099DEFC322A63861000AE043 /* Landmarks.app */;
			productType = "com.apple.product-type.application";
		};
		099DEFD822A63867000AE043 /* LandmarksTests */ = {
			isa = PBXNativeTarget;
			buildConfigurationList = 099DEFF022A63867000AE043 /* Build configuration list for PBXNativeTarget "LandmarksTests" */;
			buildPhases = (
				099DEFD522A63867000AE043 /* Sources */,
				099DEFD622A63867000AE043 /* Frameworks */,
				099DEFD722A63867000AE043 /* Resources */,
			);
			buildRules = (
			);
			dependencies = (
				099DEFDB22A63867000AE043 /* PBXTargetDependency */,
			);
			name = LandmarksTests;
			productName = LandmarksTests;
			productReference = 099DEFD922A63867000AE043 /* LandmarksTests.xctest */;
			productType = "com.apple.product-type.bundle.unit-test";
		};
		099DEFE322A63867000AE043 /* LandmarksUITests */ = {
			isa = PBXNativeTarget;
			buildConfigurationList = 099DEFF322A63867000AE043 /* Build configuration list for PBXNativeTarget "LandmarksUITests" */;
			buildPhases = (
				099DEFE022A63867000AE043 /* Sources */,
				099DEFE122A63867000AE043 /* Frameworks */,
				099DEFE222A63867000AE043 /* Resources */,
			);
			buildRules = (
			);
			dependencies = (
				099DEFE622A63867000AE043 /* PBXTargetDependency */,
			);
			name = LandmarksUITests;
			productName = LandmarksUITests;
			productReference = 099DEFE422A63867000AE043 /* LandmarksUITests.xctest */;
			productType = "com.apple.product-type.bundle.ui-testing";
		};
/* End PBXNativeTarget section */

/* Begin PBXProject section */
		099DEFBB22A63861000AE043 /* Project object */ = {
			isa = PBXProject;
			attributes = {
				LastSwiftUpdateCheck = 1100;
				LastUpgradeCheck = 1100;
				ORGANIZATIONNAME = "Mate Papp";
				TargetAttributes = {
					099DEFC222A63861000AE043 = {
						CreatedOnToolsVersion = 11.0;
					};
					099DEFD822A63867000AE043 = {
						CreatedOnToolsVersion = 11.0;
						TestTargetID = 099DEFC222A63861000AE043;
					};
					099DEFE322A63867000AE043 = {
						CreatedOnToolsVersion = 11.0;
						TestTargetID = 099DEFC222A63861000AE043;
					};
				};
			};
			buildConfigurationList = 099DEFBE22A63861000AE043 /* Build configuration list for PBXProject "Landmarks" */;
			compatibilityVersion = "Xcode 9.3";
			developmentRegion = en;
			hasScannedForEncodings = 0;
			knownRegions = (
				en,
				Base,
			);
			mainGroup = 099DEFBA22A63861000AE043;
			productRefGroup = 099DEFC422A63861000AE043 /* Products */;
			projectDirPath = "";
			projectRoot = "";
			targets = (
				099DEFC222A63861000AE043 /* Landmarks */,
				099DEFD822A63867000AE043 /* LandmarksTests */,
				099DEFE322A63867000AE043 /* LandmarksUITests */,
			);
		};
/* End PBXProject section */

/* Begin PBXResourcesBuildPhase section */
		099DEFC122A63861000AE043 /* Resources */ = {
			isa = PBXResourcesBuildPhase;
			buildActionMask = 2147483647;
			files = (
				099DEFD322A63866000AE043 /* LaunchScreen.storyboard in Resources */,
				099DEFD022A63866000AE043 /* Preview Assets.xcassets in Resources */,
				099DEFCD22A63866000AE043 /* Assets.xcassets in Resources */,
			);
			runOnlyForDeploymentPostprocessing = 0;
		};
		099DEFD722A63867000AE043 /* Resources */ = {
			isa = PBXResourcesBuildPhase;
			buildActionMask = 2147483647;
			files = (
			);
			runOnlyForDeploymentPostprocessing = 0;
		};
		099DEFE222A63867000AE043 /* Resources */ = {
			isa = PBXResourcesBuildPhase;
			buildActionMask = 2147483647;
			files = (
			);
			runOnlyForDeploymentPostprocessing = 0;
		};
/* End PBXResourcesBuildPhase section */

/* Begin PBXSourcesBuildPhase section */
		099DEFBF22A63861000AE043 /* Sources */ = {
			isa = PBXSourcesBuildPhase;
			buildActionMask = 2147483647;
			files = (
				099DEFC722A63861000AE043 /* AppDelegate.swift in Sources */,
				099DEFC922A63861000AE043 /* SceneDelegate.swift in Sources */,
				099DEFCB22A63861000AE043 /* ContentView.swift in Sources */,
			);
			runOnlyForDeploymentPostprocessing = 0;
		};
		099DEFD522A63867000AE043 /* Sources */ = {
			isa = PBXSourcesBuildPhase;
			buildActionMask = 2147483647;
			files = (
				099DEFDE22A63867000AE043 /* LandmarksTests.swift in Sources */,
			);
			runOnlyForDeploymentPostprocessing = 0;
		};
		099DEFE022A63867000AE043 /* Sources */ = {
			isa = PBXSourcesBuildPhase;
			buildActionMask = 2147483647;
			files = (
				099DEFE922A63867000AE043 /* LandmarksUITests.swift in Sources */,
			);
			runOnlyForDeploymentPostprocessing = 0;
		};
/* End PBXSourcesBuildPhase section */

/* Begin PBXTargetDependency section */
		099DEFDB22A63867000AE043 /* PBXTargetDependency */ = {
			isa = PBXTargetDependency;
			target = 099DEFC222A63861000AE043 /* Landmarks */;
			targetProxy = 099DEFDA22A63867000AE043 /* PBXContainerItemProxy */;
		};
		099DEFE622A63867000AE043 /* PBXTargetDependency */ = {
			isa = PBXTargetDependency;
			target = 099DEFC222A63861000AE043 /* Landmarks */;
			targetProxy = 099DEFE522A63867000AE043 /* PBXContainerItemProxy */;
		};
/* End PBXTargetDependency section */

/* Begin PBXVariantGroup section */
		099DEFD122A63866000AE043 /* LaunchScreen.storyboard */ = {
			isa = PBXVariantGroup;
			children = (
				099DEFD222A63866000AE043 /* Base */,
			);
			name = LaunchScreen.storyboard;
			sourceTree = "<group>";
		};
/* End PBXVariantGroup section */

/* Begin XCBuildConfiguration section */
		099DEFEB22A63867000AE043 /* Debug */ = {
			isa = XCBuildConfiguration;
			buildSettings = {
				ALWAYS_SEARCH_USER_PATHS = NO;
				CLANG_ANALYZER_NONNULL = YES;
				CLANG_ANALYZER_NUMBER_OBJECT_CONVERSION = YES_AGGRESSIVE;
				CLANG_CXX_LANGUAGE_STANDARD = "gnu++14";
				CLANG_CXX_LIBRARY = "libc++";
				CLANG_ENABLE_MODULES = YES;
				CLANG_ENABLE_OBJC_ARC = YES;
				CLANG_ENABLE_OBJC_WEAK = YES;
				CLANG_WARN_BLOCK_CAPTURE_AUTORELEASING = YES;
				CLANG_WARN_BOOL_CONVERSION = YES;
				CLANG_WARN_COMMA = YES;
				CLANG_WARN_CONSTANT_CONVERSION = YES;
				CLANG_WARN_DEPRECATED_OBJC_IMPLEMENTATIONS = YES;
				CLANG_WARN_DIRECT_OBJC_ISA_USAGE = YES_ERROR;
				CLANG_WARN_DOCUMENTATION_COMMENTS = YES;
				CLANG_WARN_EMPTY_BODY = YES;
				CLANG_WARN_ENUM_CONVERSION = YES;
				CLANG_WARN_INFINITE_RECURSION = YES;
				CLANG_WARN_INT_CONVERSION = YES;
				CLANG_WARN_NON_LITERAL_NULL_CONVERSION = YES;
				CLANG_WARN_OBJC_IMPLICIT_RETAIN_SELF = YES;
				CLANG_WARN_OBJC_LITERAL_CONVERSION = YES;
				CLANG_WARN_OBJC_ROOT_CLASS = YES_ERROR;
				CLANG_WARN_RANGE_LOOP_ANALYSIS = YES;
				CLANG_WARN_STRICT_PROTOTYPES = YES;
				CLANG_WARN_SUSPICIOUS_MOVE = YES;
				CLANG_WARN_UNGUARDED_AVAILABILITY = YES_AGGRESSIVE;
				CLANG_WARN_UNREACHABLE_CODE = YES;
				CLANG_WARN__DUPLICATE_METHOD_MATCH = YES;
				COPY_PHASE_STRIP = NO;
				DEBUG_INFORMATION_FORMAT = dwarf;
				ENABLE_STRICT_OBJC_MSGSEND = YES;
				ENABLE_TESTABILITY = YES;
				GCC_C_LANGUAGE_STANDARD = gnu11;
				GCC_DYNAMIC_NO_PIC = NO;
				GCC_NO_COMMON_BLOCKS = YES;
				GCC_OPTIMIZATION_LEVEL = 0;
				GCC_PREPROCESSOR_DEFINITIONS = (
					"DEBUG=1",
					"$(inherited)",
				);
				GCC_WARN_64_TO_32_BIT_CONVERSION = YES;
				GCC_WARN_ABOUT_RETURN_TYPE = YES_ERROR;
				GCC_WARN_UNDECLARED_SELECTOR = YES;
				GCC_WARN_UNINITIALIZED_AUTOS = YES_AGGRESSIVE;
				GCC_WARN_UNUSED_FUNCTION = YES;
				GCC_WARN_UNUSED_VARIABLE = YES;
				IPHONEOS_DEPLOYMENT_TARGET = 13.0;
				MTL_ENABLE_DEBUG_INFO = INCLUDE_SOURCE;
				MTL_FAST_MATH = YES;
				ONLY_ACTIVE_ARCH = YES;
				SDKROOT = iphoneos;
				SWIFT_ACTIVE_COMPILATION_CONDITIONS = DEBUG;
				SWIFT_OPTIMIZATION_LEVEL = "-Onone";
			};
			name = Debug;
		};
		099DEFEC22A63867000AE043 /* Release */ = {
			isa = XCBuildConfiguration;
			buildSettings = {
				ALWAYS_SEARCH_USER_PATHS = NO;
				CLANG_ANALYZER_NONNULL = YES;
				CLANG_ANALYZER_NUMBER_OBJECT_CONVERSION = YES_AGGRESSIVE;
				CLANG_CXX_LANGUAGE_STANDARD = "gnu++14";
				CLANG_CXX_LIBRARY = "libc++";
				CLANG_ENABLE_MODULES = YES;
				CLANG_ENABLE_OBJC_ARC = YES;
				CLANG_ENABLE_OBJC_WEAK = YES;
				CLANG_WARN_BLOCK_CAPTURE_AUTORELEASING = YES;
				CLANG_WARN_BOOL_CONVERSION = YES;
				CLANG_WARN_COMMA = YES;
				CLANG_WARN_CONSTANT_CONVERSION = YES;
				CLANG_WARN_DEPRECATED_OBJC_IMPLEMENTATIONS = YES;
				CLANG_WARN_DIRECT_OBJC_ISA_USAGE = YES_ERROR;
				CLANG_WARN_DOCUMENTATION_COMMENTS = YES;
				CLANG_WARN_EMPTY_BODY = YES;
				CLANG_WARN_ENUM_CONVERSION = YES;
				CLANG_WARN_INFINITE_RECURSION = YES;
				CLANG_WARN_INT_CONVERSION = YES;
				CLANG_WARN_NON_LITERAL_NULL_CONVERSION = YES;
				CLANG_WARN_OBJC_IMPLICIT_RETAIN_SELF = YES;
				CLANG_WARN_OBJC_LITERAL_CONVERSION = YES;
				CLANG_WARN_OBJC_ROOT_CLASS = YES_ERROR;
				CLANG_WARN_RANGE_LOOP_ANALYSIS = YES;
				CLANG_WARN_STRICT_PROTOTYPES = YES;
				CLANG_WARN_SUSPICIOUS_MOVE = YES;
				CLANG_WARN_UNGUARDED_AVAILABILITY = YES_AGGRESSIVE;
				CLANG_WARN_UNREACHABLE_CODE = YES;
				CLANG_WARN__DUPLICATE_METHOD_MATCH = YES;
				COPY_PHASE_STRIP = NO;
				DEBUG_INFORMATION_FORMAT = "dwarf-with-dsym";
				ENABLE_NS_ASSERTIONS = NO;
				ENABLE_STRICT_OBJC_MSGSEND = YES;
				GCC_C_LANGUAGE_STANDARD = gnu11;
				GCC_NO_COMMON_BLOCKS = YES;
				GCC_WARN_64_TO_32_BIT_CONVERSION = YES;
				GCC_WARN_ABOUT_RETURN_TYPE = YES_ERROR;
				GCC_WARN_UNDECLARED_SELECTOR = YES;
				GCC_WARN_UNINITIALIZED_AUTOS = YES_AGGRESSIVE;
				GCC_WARN_UNUSED_FUNCTION = YES;
				GCC_WARN_UNUSED_VARIABLE = YES;
				IPHONEOS_DEPLOYMENT_TARGET = 13.0;
				MTL_ENABLE_DEBUG_INFO = NO;
				MTL_FAST_MATH = YES;
				SDKROOT = iphoneos;
				SWIFT_COMPILATION_MODE = wholemodule;
				SWIFT_OPTIMIZATION_LEVEL = "-O";
				VALIDATE_PRODUCT = YES;
			};
			name = Release;
		};
		099DEFEE22A63867000AE043 /* Debug */ = {
			isa = XCBuildConfiguration;
			buildSettings = {
				ASSETCATALOG_COMPILER_APPICON_NAME = AppIcon;
				CODE_SIGN_STYLE = Automatic;
				DEVELOPMENT_ASSET_PATHS = "Landmarks/Preview\\ Content";
				DEVELOPMENT_TEAM = E6SA5UUA26;
				ENABLE_PREVIEWS = YES;
				INFOPLIST_FILE = Landmarks/Info.plist;
				LD_RUNPATH_SEARCH_PATHS = (
					"$(inherited)",
					"@executable_path/Frameworks",
				);
				PRODUCT_BUNDLE_IDENTIFIER = com.matepapp.Landmarks;
				PRODUCT_NAME = "$(TARGET_NAME)";
				SWIFT_VERSION = 5.0;
				TARGETED_DEVICE_FAMILY = "1,2";
			};
			name = Debug;
		};
		099DEFEF22A63867000AE043 /* Release */ = {
			isa = XCBuildConfiguration;
			buildSettings = {
				ASSETCATALOG_COMPILER_APPICON_NAME = AppIcon;
				CODE_SIGN_STYLE = Automatic;
				DEVELOPMENT_ASSET_PATHS = "Landmarks/Preview\\ Content";
				DEVELOPMENT_TEAM = E6SA5UUA26;
				ENABLE_PREVIEWS = YES;
				INFOPLIST_FILE = Landmarks/Info.plist;
				LD_RUNPATH_SEARCH_PATHS = (
					"$(inherited)",
					"@executable_path/Frameworks",
				);
				PRODUCT_BUNDLE_IDENTIFIER = com.matepapp.Landmarks;
				PRODUCT_NAME = "$(TARGET_NAME)";
				SWIFT_VERSION = 5.0;
				TARGETED_DEVICE_FAMILY = "1,2";
			};
			name = Release;
		};
		099DEFF122A63867000AE043 /* Debug */ = {
			isa = XCBuildConfiguration;
			buildSettings = {
				ALWAYS_EMBED_SWIFT_STANDARD_LIBRARIES = YES;
				BUNDLE_LOADER = "$(TEST_HOST)";
				CODE_SIGN_STYLE = Automatic;
				DEVELOPMENT_TEAM = E6SA5UUA26;
				INFOPLIST_FILE = LandmarksTests/Info.plist;
				LD_RUNPATH_SEARCH_PATHS = (
					"$(inherited)",
					"@executable_path/Frameworks",
					"@loader_path/Frameworks",
				);
				PRODUCT_BUNDLE_IDENTIFIER = com.matepapp.LandmarksTests;
				PRODUCT_NAME = "$(TARGET_NAME)";
				SWIFT_VERSION = 5.0;
				TARGETED_DEVICE_FAMILY = "1,2";
				TEST_HOST = "$(BUILT_PRODUCTS_DIR)/Landmarks.app/Landmarks";
			};
			name = Debug;
		};
		099DEFF222A63867000AE043 /* Release */ = {
			isa = XCBuildConfiguration;
			buildSettings = {
				ALWAYS_EMBED_SWIFT_STANDARD_LIBRARIES = YES;
				BUNDLE_LOADER = "$(TEST_HOST)";
				CODE_SIGN_STYLE = Automatic;
				DEVELOPMENT_TEAM = E6SA5UUA26;
				INFOPLIST_FILE = LandmarksTests/Info.plist;
				LD_RUNPATH_SEARCH_PATHS = (
					"$(inherited)",
					"@executable_path/Frameworks",
					"@loader_path/Frameworks",
				);
				PRODUCT_BUNDLE_IDENTIFIER = com.matepapp.LandmarksTests;
				PRODUCT_NAME = "$(TARGET_NAME)";
				SWIFT_VERSION = 5.0;
				TARGETED_DEVICE_FAMILY = "1,2";
				TEST_HOST = "$(BUILT_PRODUCTS_DIR)/Landmarks.app/Landmarks";
			};
			name = Release;
		};
		099DEFF422A63867000AE043 /* Debug */ = {
			isa = XCBuildConfiguration;
			buildSettings = {
				ALWAYS_EMBED_SWIFT_STANDARD_LIBRARIES = YES;
				CODE_SIGN_STYLE = Automatic;
				DEVELOPMENT_TEAM = E6SA5UUA26;
				INFOPLIST_FILE = LandmarksUITests/Info.plist;
				LD_RUNPATH_SEARCH_PATHS = (
					"$(inherited)",
					"@executable_path/Frameworks",
					"@loader_path/Frameworks",
				);
				PRODUCT_BUNDLE_IDENTIFIER = com.matepapp.LandmarksUITests;
				PRODUCT_NAME = "$(TARGET_NAME)";
				SWIFT_VERSION = 5.0;
				TARGETED_DEVICE_FAMILY = "1,2";
				TEST_TARGET_NAME = Landmarks;
			};
			name = Debug;
		};
		099DEFF522A63867000AE043 /* Release */ = {
			isa = XCBuildConfiguration;
			buildSettings = {
				ALWAYS_EMBED_SWIFT_STANDARD_LIBRARIES = YES;
				CODE_SIGN_STYLE = Automatic;
				DEVELOPMENT_TEAM = E6SA5UUA26;
				INFOPLIST_FILE = LandmarksUITests/Info.plist;
				LD_RUNPATH_SEARCH_PATHS = (
					"$(inherited)",
					"@executable_path/Frameworks",
					"@loader_path/Frameworks",
				);
				PRODUCT_BUNDLE_IDENTIFIER = com.matepapp.LandmarksUITests;
				PRODUCT_NAME = "$(TARGET_NAME)";
				SWIFT_VERSION = 5.0;
				TARGETED_DEVICE_FAMILY = "1,2";
				TEST_TARGET_NAME = Landmarks;
			};
			name = Release;
		};
/* End XCBuildConfiguration section */

/* Begin XCConfigurationList section */
		099DEFBE22A63861000AE043 /* Build configuration list for PBXProject "Landmarks" */ = {
			isa = XCConfigurationList;
			buildConfigurations = (
				099DEFEB22A63867000AE043 /* Debug */,
				099DEFEC22A63867000AE043 /* Release */,
			);
			defaultConfigurationIsVisible = 0;
			defaultConfigurationName = Release;
		};
		099DEFED22A63867000AE043 /* Build configuration list for PBXNativeTarget "Landmarks" */ = {
			isa = XCConfigurationList;
			buildConfigurations = (
				099DEFEE22A63867000AE043 /* Debug */,
				099DEFEF22A63867000AE043 /* Release */,
			);
			defaultConfigurationIsVisible = 0;
			defaultConfigurationName = Release;
		};
		099DEFF022A63867000AE043 /* Build configuration list for PBXNativeTarget "LandmarksTests" */ = {
			isa = XCConfigurationList;
			buildConfigurations = (
				099DEFF122A63867000AE043 /* Debug */,
				099DEFF222A63867000AE043 /* Release */,
			);
			defaultConfigurationIsVisible = 0;
			defaultConfigurationName = Release;
		};
		099DEFF322A63867000AE043 /* Build configuration list for PBXNativeTarget "LandmarksUITests" */ = {
			isa = XCConfigurationList;
			buildConfigurations = (
				099DEFF422A63867000AE043 /* Debug */,
				099DEFF522A63867000AE043 /* Release */,
			);
			defaultConfigurationIsVisible = 0;
			defaultConfigurationName = Release;
		};
/* End XCConfigurationList section */
	};
	rootObject = 099DEFBB22A63861000AE043 /* Project object */;
}
